
Microsoft Visual Studio Solution File, Format Version 12.00
# Visual Studio Version 17
VisualStudioVersion = 17.8.34511.84
MinimumVisualStudioVersion = 10.0.40219.1
Project("{FAE04EC0-301F-11D3-BF4B-00C04F79EFBC}") = "RandomizerObserver", "RandomizerObserver.csproj", "{ABD687E5-9ABF-4B17-9A96-57B6A3D08873}"
EndProject
Global
	GlobalSection(SolutionConfigurationPlatforms) = preSolution
		Debug|Any CPU = Debug|Any CPU
		Release|Any CPU = Release|Any CPU
	EndGlobalSection
	GlobalSection(ProjectConfigurationPlatforms) = postSolution
		{ABD687E5-9ABF-4B17-9A96-57B6A3D08873}.Debug|Any CPU.ActiveCfg = Debug|Any CPU
		{ABD687E5-9ABF-4B17-9A96-57B6A3D08873}.Debug|Any CPU.Build.0 = Debug|Any CPU
		{ABD687E5-9ABF-4B17-9A96-57B6A3D08873}.Release|Any CPU.ActiveCfg = Release|Any CPU
		{ABD687E5-9ABF-4B17-9A96-57B6A3D08873}.Release|Any CPU.Build.0 = Release|Any CPU
	EndGlobalSection
	GlobalSection(SolutionProperties) = preSolution
		HideSolutionNode = FALSE
	EndGlobalSection
	GlobalSection(ExtensibilityGlobals) = postSolution
		SolutionGuid = {363BC761-D92A-43EC-AB91-C88BD0F3BC38}
	EndGlobalSection
EndGlobal
